
Microsoft Visual Studio Solution File, Format Version 12.00
# Visual Studio Version 17
VisualStudioVersion = 17.5.002.0
MinimumVisualStudioVersion = 10.0.40219.1
Project("{9A19103F-16F7-4668-BE54-9A1E7A4F7556}") = "IVEBA_Web_App", "IVEBA_Web_App.csproj", "{5197EB7F-7CF4-4ACD-A8EA-33BA3724D30A}"
EndProject
Global
	GlobalSection(SolutionConfigurationPlatforms) = preSolution
		Debug|Any CPU = Debug|Any CPU
		Release|Any CPU = Release|Any CPU
	EndGlobalSection
	GlobalSection(ProjectConfigurationPlatforms) = postSolution
		{5197EB7F-7CF4-4ACD-A8EA-33BA3724D30A}.Debug|Any CPU.ActiveCfg = Debug|Any CPU
		{5197EB7F-7CF4-4ACD-A8EA-33BA3724D30A}.Debug|Any CPU.Build.0 = Debug|Any CPU
		{5197EB7F-7CF4-4ACD-A8EA-33BA3724D30A}.Release|Any CPU.ActiveCfg = Release|Any CPU
		{5197EB7F-7CF4-4ACD-A8EA-33BA3724D30A}.Release|Any CPU.Build.0 = Release|Any CPU
	EndGlobalSection
	GlobalSection(SolutionProperties) = preSolution
		HideSolutionNode = FALSE
	EndGlobalSection
	GlobalSection(ExtensibilityGlobals) = postSolution
		SolutionGuid = {563BACA2-FFE9-4F46-828A-456EABB060E0}
	EndGlobalSection
EndGlobal
